
Microsoft Visual Studio Solution File, Format Version 12.00
# Visual Studio Version 17
VisualStudioVersion = 17.4.33213.308
MinimumVisualStudioVersion = 10.0.40219.1
Project("{9A19103F-16F7-4668-BE54-9A1E7A4F7556}") = "JavaScriptInteraction", "JavaScriptInteraction\JavaScriptInteraction.csproj", "{1EFEF686-D7B5-4C44-9BE4-CA3136DACDCA}"
EndProject
Global
	GlobalSection(SolutionConfigurationPlatforms) = preSolution
		Debug|Any CPU = Debug|Any CPU
		Release|Any CPU = Release|Any CPU
	EndGlobalSection
	GlobalSection(ProjectConfigurationPlatforms) = postSolution
		{1EFEF686-D7B5-4C44-9BE4-CA3136DACDCA}.Debug|Any CPU.ActiveCfg = Debug|Any CPU
		{1EFEF686-D7B5-4C44-9BE4-CA3136DACDCA}.Debug|Any CPU.Build.0 = Debug|Any CPU
		{1EFEF686-D7B5-4C44-9BE4-CA3136DACDCA}.Release|Any CPU.ActiveCfg = Release|Any CPU
		{1EFEF686-D7B5-4C44-9BE4-CA3136DACDCA}.Release|Any CPU.Build.0 = Release|Any CPU
	EndGlobalSection
	GlobalSection(SolutionProperties) = preSolution
		HideSolutionNode = FALSE
	EndGlobalSection
	GlobalSection(ExtensibilityGlobals) = postSolution
		SolutionGuid = {C0290955-429A-4F3B-8127-D23529945D83}
	EndGlobalSection
EndGlobal
